
Microsoft Visual Studio Solution File, Format Version 12.00
# Visual Studio Version 17
VisualStudioVersion = 17.5.002.0
MinimumVisualStudioVersion = 10.0.40219.1
Project("{2150E333-8FDC-42A3-9474-1A3956D46DE8}") = "EsepWebhook", "EsepWebhook", "{A5004BF3-E415-4D88-9D70-99458F2AC753}"
EndProject
Project("{2150E333-8FDC-42A3-9474-1A3956D46DE8}") = "src", "src", "{CD5D38E5-779B-49DA-AE08-A24FF490027F}"
EndProject
Project("{9A19103F-16F7-4668-BE54-9A1E7A4F7556}") = "EsepWebhook", "EsepWebhook\src\EsepWebhook\EsepWebhook.csproj", "{9E5593EB-40E2-49A5-B4DB-8F5B4231B5A6}"
EndProject
Project("{2150E333-8FDC-42A3-9474-1A3956D46DE8}") = "test", "test", "{177AC551-4216-495A-B96E-9E3F42AC951F}"
EndProject
Project("{9A19103F-16F7-4668-BE54-9A1E7A4F7556}") = "EsepWebhook.Tests", "EsepWebhook\test\EsepWebhook.Tests\EsepWebhook.Tests.csproj", "{2832BF06-B008-47F9-93AA-598C43217736}"
EndProject
Global
	GlobalSection(SolutionConfigurationPlatforms) = preSolution
		Debug|Any CPU = Debug|Any CPU
		Release|Any CPU = Release|Any CPU
	EndGlobalSection
	GlobalSection(ProjectConfigurationPlatforms) = postSolution
		{9E5593EB-40E2-49A5-B4DB-8F5B4231B5A6}.Debug|Any CPU.ActiveCfg = Debug|Any CPU
		{9E5593EB-40E2-49A5-B4DB-8F5B4231B5A6}.Debug|Any CPU.Build.0 = Debug|Any CPU
		{9E5593EB-40E2-49A5-B4DB-8F5B4231B5A6}.Release|Any CPU.ActiveCfg = Release|Any CPU
		{9E5593EB-40E2-49A5-B4DB-8F5B4231B5A6}.Release|Any CPU.Build.0 = Release|Any CPU
		{2832BF06-B008-47F9-93AA-598C43217736}.Debug|Any CPU.ActiveCfg = Debug|Any CPU
		{2832BF06-B008-47F9-93AA-598C43217736}.Debug|Any CPU.Build.0 = Debug|Any CPU
		{2832BF06-B008-47F9-93AA-598C43217736}.Release|Any CPU.ActiveCfg = Release|Any CPU
		{2832BF06-B008-47F9-93AA-598C43217736}.Release|Any CPU.Build.0 = Release|Any CPU
	EndGlobalSection
	GlobalSection(SolutionProperties) = preSolution
		HideSolutionNode = FALSE
	EndGlobalSection
	GlobalSection(NestedProjects) = preSolution
		{CD5D38E5-779B-49DA-AE08-A24FF490027F} = {A5004BF3-E415-4D88-9D70-99458F2AC753}
		{9E5593EB-40E2-49A5-B4DB-8F5B4231B5A6} = {CD5D38E5-779B-49DA-AE08-A24FF490027F}
		{177AC551-4216-495A-B96E-9E3F42AC951F} = {A5004BF3-E415-4D88-9D70-99458F2AC753}
		{2832BF06-B008-47F9-93AA-598C43217736} = {177AC551-4216-495A-B96E-9E3F42AC951F}
	EndGlobalSection
	GlobalSection(ExtensibilityGlobals) = postSolution
		SolutionGuid = {B2719544-8689-4E28-A92C-B25DE8065814}
	EndGlobalSection
EndGlobal
